
Microsoft Visual Studio Solution File, Format Version 12.00
# Visual Studio Version 17
VisualStudioVersion = 17.0.31903.59
MinimumVisualStudioVersion = 10.0.40219.1
Project("{FAE04EC0-301F-11D3-BF4B-00C04F79EFBC}") = "MineEngine.App", "src\MineEngine.App\MineEngine.App.csproj", "{577E8FF7-9BF4-4665-BE77-31B32990774F}"
EndProject
Project("{2150E333-8FDC-42A3-9474-1A3956D46DE8}") = "src", "src", "{827E0CD3-B72D-47B6-A68D-7590B98EB39B}"
EndProject
Project("{FAE04EC0-301F-11D3-BF4B-00C04F79EFBC}") = "MineEngine.Core", "src\MineEngine.Core\MineEngine.Core.csproj", "{64F78A2C-D76F-4972-8EE8-FCEBA1797A5C}"
EndProject
Project("{FAE04EC0-301F-11D3-BF4B-00C04F79EFBC}") = "MineEngine.Assets", "src\MineEngine.Assets\MineEngine.Assets.csproj", "{1B1202EB-E3A2-4309-9510-D6912F0B2177}"
EndProject
Project("{FAE04EC0-301F-11D3-BF4B-00C04F79EFBC}") = "MineEngine.Project", "src\MineEngine.Project\MineEngine.Project.csproj", "{9924762D-18A7-4D97-B11A-839F94BBC062}"
EndProject
Project("{FAE04EC0-301F-11D3-BF4B-00C04F79EFBC}") = "MineEngine.IR", "src\MineEngine.IR\MineEngine.IR.csproj", "{996F3515-6269-4EBB-9F8D-57CDF9AF1A1A}"
EndProject
Project("{FAE04EC0-301F-11D3-BF4B-00C04F79EFBC}") = "MineEngine.Minecraft", "src\MineEngine.Minecraft\MineEngine.Minecraft.csproj", "{D3481B74-479D-42D1-BB71-359CF60B3C51}"
EndProject
Project("{FAE04EC0-301F-11D3-BF4B-00C04F79EFBC}") = "MineEngine.Generator", "src\MineEngine.Generator\MineEngine.Generator.csproj", "{483C8609-2E17-49DB-BA40-7A699B825545}"
EndProject
Project("{FAE04EC0-301F-11D3-BF4B-00C04F79EFBC}") = "MineEngine.Build", "src\MineEngine.Build\MineEngine.Build.csproj", "{403FF601-BEA9-4255-AF89-3DBF97E22CF9}"
EndProject
Project("{FAE04EC0-301F-11D3-BF4B-00C04F79EFBC}") = "MineEngine.Editor", "src\MineEngine.Editor\MineEngine.Editor.csproj", "{04EE0533-6D3A-4EB5-97B2-78380B0100A5}"
EndProject
Project("{2150E333-8FDC-42A3-9474-1A3956D46DE8}") = "tests", "tests", "{0AB3BF05-4346-4AA6-1389-037BE0695223}"
EndProject
Project("{FAE04EC0-301F-11D3-BF4B-00C04F79EFBC}") = "MineEngine.Tests", "tests\MineEngine.Tests\MineEngine.Tests.csproj", "{93B9FE83-4DA1-42CC-96C1-5161425C4367}"
EndProject
Global
	GlobalSection(SolutionConfigurationPlatforms) = preSolution
		Debug|Any CPU = Debug|Any CPU
		Debug|x64 = Debug|x64
		Debug|x86 = Debug|x86
		Release|Any CPU = Release|Any CPU
		Release|x64 = Release|x64
		Release|x86 = Release|x86
	EndGlobalSection
	GlobalSection(ProjectConfigurationPlatforms) = postSolution
		{64F78A2C-D76F-4972-8EE8-FCEBA1797A5C}.Debug|Any CPU.ActiveCfg = Debug|Any CPU
		{64F78A2C-D76F-4972-8EE8-FCEBA1797A5C}.Debug|Any CPU.Build.0 = Debug|Any CPU
		{64F78A2C-D76F-4972-8EE8-FCEBA1797A5C}.Debug|x64.ActiveCfg = Debug|Any CPU
		{64F78A2C-D76F-4972-8EE8-FCEBA1797A5C}.Debug|x64.Build.0 = Debug|Any CPU
		{64F78A2C-D76F-4972-8EE8-FCEBA1797A5C}.Debug|x86.ActiveCfg = Debug|Any CPU
		{64F78A2C-D76F-4972-8EE8-FCEBA1797A5C}.Debug|x86.Build.0 = Debug|Any CPU
		{64F78A2C-D76F-4972-8EE8-FCEBA1797A5C}.Release|Any CPU.ActiveCfg = Release|Any CPU
		{64F78A2C-D76F-4972-8EE8-FCEBA1797A5C}.Release|Any CPU.Build.0 = Release|Any CPU
		{64F78A2C-D76F-4972-8EE8-FCEBA1797A5C}.Release|x64.ActiveCfg = Release|Any CPU
		{64F78A2C-D76F-4972-8EE8-FCEBA1797A5C}.Release|x64.Build.0 = Release|Any CPU
		{64F78A2C-D76F-4972-8EE8-FCEBA1797A5C}.Release|x86.ActiveCfg = Release|Any CPU
		{64F78A2C-D76F-4972-8EE8-FCEBA1797A5C}.Release|x86.Build.0 = Release|Any CPU
		{1B1202EB-E3A2-4309-9510-D6912F0B2177}.Debug|Any CPU.ActiveCfg = Debug|Any CPU
		{1B1202EB-E3A2-4309-9510-D6912F0B2177}.Debug|Any CPU.Build.0 = Debug|Any CPU
		{1B1202EB-E3A2-4309-9510-D6912F0B2177}.Debug|x64.ActiveCfg = Debug|Any CPU
		{1B1202EB-E3A2-4309-9510-D6912F0B2177}.Debug|x64.Build.0 = Debug|Any CPU
		{1B1202EB-E3A2-4309-9510-D6912F0B2177}.Debug|x86.ActiveCfg = Debug|Any CPU
		{1B1202EB-E3A2-4309-9510-D6912F0B2177}.Debug|x86.Build.0 = Debug|Any CPU
		{1B1202EB-E3A2-4309-9510-D6912F0B2177}.Release|Any CPU.ActiveCfg = Release|Any CPU
		{1B1202EB-E3A2-4309-9510-D6912F0B2177}.Release|Any CPU.Build.0 = Release|Any CPU
		{1B1202EB-E3A2-4309-9510-D6912F0B2177}.Release|x64.ActiveCfg = Release|Any CPU
		{1B1202EB-E3A2-4309-9510-D6912F0B2177}.Release|x64.Build.0 = Release|Any CPU
		{1B1202EB-E3A2-4309-9510-D6912F0B2177}.Release|x86.ActiveCfg = Release|Any CPU
		{1B1202EB-E3A2-4309-9510-D6912F0B2177}.Release|x86.Build.0 = Release|Any CPU
		{9924762D-18A7-4D97-B11A-839F94BBC062}.Debug|Any CPU.ActiveCfg = Debug|Any CPU
		{9924762D-18A7-4D97-B11A-839F94BBC062}.Debug|Any CPU.Build.0 = Debug|Any CPU
		{9924762D-18A7-4D97-B11A-839F94BBC062}.Debug|x64.ActiveCfg = Debug|Any CPU
		{9924762D-18A7-4D97-B11A-839F94BBC062}.Debug|x64.Build.0 = Debug|Any CPU
		{9924762D-18A7-4D97-B11A-839F94BBC062}.Debug|x86.ActiveCfg = Debug|Any CPU
		{9924762D-18A7-4D97-B11A-839F94BBC062}.Debug|x86.Build.0 = Debug|Any CPU
		{9924762D-18A7-4D97-B11A-839F94BBC062}.Release|Any CPU.ActiveCfg = Release|Any CPU
		{9924762D-18A7-4D97-B11A-839F94BBC062}.Release|Any CPU.Build.0 = Release|Any CPU
		{9924762D-18A7-4D97-B11A-839F94BBC062}.Release|x64.ActiveCfg = Release|Any CPU
		{9924762D-18A7-4D97-B11A-839F94BBC062}.Release|x64.Build.0 = Release|Any CPU
		{9924762D-18A7-4D97-B11A-839F94BBC062}.Release|x86.ActiveCfg = Release|Any CPU
		{9924762D-18A7-4D97-B11A-839F94BBC062}.Release|x86.Build.0 = Release|Any CPU
		{996F3515-6269-4EBB-9F8D-57CDF9AF1A1A}.Debug|Any CPU.ActiveCfg = Debug|Any CPU
		{996F3515-6269-4EBB-9F8D-57CDF9AF1A1A}.Debug|Any CPU.Build.0 = Debug|Any CPU
		{996F3515-6269-4EBB-9F8D-57CDF9AF1A1A}.Debug|x64.ActiveCfg = Debug|Any CPU
		{996F3515-6269-4EBB-9F8D-57CDF9AF1A1A}.Debug|x64.Build.0 = Debug|Any CPU
		{996F3515-6269-4EBB-9F8D-57CDF9AF1A1A}.Debug|x86.ActiveCfg = Debug|Any CPU
		{996F3515-6269-4EBB-9F8D-57CDF9AF1A1A}.Debug|x86.Build.0 = Debug|Any CPU
		{996F3515-6269-4EBB-9F8D-57CDF9AF1A1A}.Release|Any CPU.ActiveCfg = Release|Any CPU
		{996F3515-6269-4EBB-9F8D-57CDF9AF1A1A}.Release|Any CPU.Build.0 = Release|Any CPU
		{996F3515-6269-4EBB-9F8D-57CDF9AF1A1A}.Release|x64.ActiveCfg = Release|Any CPU
		{996F3515-6269-4EBB-9F8D-57CDF9AF1A1A}.Release|x64.Build.0 = Release|Any CPU
		{996F3515-6269-4EBB-9F8D-57CDF9AF1A1A}.Release|x86.ActiveCfg = Release|Any CPU
		{996F3515-6269-4EBB-9F8D-57CDF9AF1A1A}.Release|x86.Build.0 = Release|Any CPU
		{D3481B74-479D-42D1-BB71-359CF60B3C51}.Debug|Any CPU.ActiveCfg = Debug|Any CPU
		{D3481B74-479D-42D1-BB71-359CF60B3C51}.Debug|Any CPU.Build.0 = Debug|Any CPU
		{D3481B74-479D-42D1-BB71-359CF60B3C51}.Debug|x64.ActiveCfg = Debug|Any CPU
		{D3481B74-479D-42D1-BB71-359CF60B3C51}.Debug|x64.Build.0 = Debug|Any CPU
		{D3481B74-479D-42D1-BB71-359CF60B3C51}.Debug|x86.ActiveCfg = Debug|Any CPU
		{D3481B74-479D-42D1-BB71-359CF60B3C51}.Debug|x86.Build.0 = Debug|Any CPU
		{D3481B74-479D-42D1-BB71-359CF60B3C51}.Release|Any CPU.ActiveCfg = Release|Any CPU
		{D3481B74-479D-42D1-BB71-359CF60B3C51}.Release|Any CPU.Build.0 = Release|Any CPU
		{D3481B74-479D-42D1-BB71-359CF60B3C51}.Release|x64.ActiveCfg = Release|Any CPU
		{D3481B74-479D-42D1-BB71-359CF60B3C51}.Release|x64.Build.0 = Release|Any CPU
		{D3481B74-479D-42D1-BB71-359CF60B3C51}.Release|x86.ActiveCfg = Release|Any CPU
		{D3481B74-479D-42D1-BB71-359CF60B3C51}.Release|x86.Build.0 = Release|Any CPU
		{483C8609-2E17-49DB-BA40-7A699B825545}.Debug|Any CPU.ActiveCfg = Debug|Any CPU
		{483C8609-2E17-49DB-BA40-7A699B825545}.Debug|Any CPU.Build.0 = Debug|Any CPU
		{483C8609-2E17-49DB-BA40-7A699B825545}.Debug|x64.ActiveCfg = Debug|Any CPU
		{483C8609-2E17-49DB-BA40-7A699B825545}.Debug|x64.Build.0 = Debug|Any CPU
		{483C8609-2E17-49DB-BA40-7A699B825545}.Debug|x86.ActiveCfg = Debug|Any CPU
		{483C8609-2E17-49DB-BA40-7A699B825545}.Debug|x86.Build.0 = Debug|Any CPU
		{483C8609-2E17-49DB-BA40-7A699B825545}.Release|Any CPU.ActiveCfg = Release|Any CPU
		{483C8609-2E17-49DB-BA40-7A699B825545}.Release|Any CPU.Build.0 = Release|Any CPU
		{483C8609-2E17-49DB-BA40-7A699B825545}.Release|x64.ActiveCfg = Release|Any CPU
		{483C8609-2E17-49DB-BA40-7A699B825545}.Release|x64.Build.0 = Release|Any CPU
		{483C8609-2E17-49DB-BA40-7A699B825545}.Release|x86.ActiveCfg = Release|Any CPU
		{483C8609-2E17-49DB-BA40-7A699B825545}.Release|x86.Build.0 = Release|Any CPU
		{403FF601-BEA9-4255-AF89-3DBF97E22CF9}.Debug|Any CPU.ActiveCfg = Debug|Any CPU
		{403FF601-BEA9-4255-AF89-3DBF97E22CF9}.Debug|Any CPU.Build.0 = Debug|Any CPU
		{403FF601-BEA9-4255-AF89-3DBF97E22CF9}.Debug|x64.ActiveCfg = Debug|Any CPU
		{403FF601-BEA9-4255-AF89-3DBF97E22CF9}.Debug|x64.Build.0 = Debug|Any CPU
		{403FF601-BEA9-4255-AF89-3DBF97E22CF9}.Debug|x86.ActiveCfg = Debug|Any CPU
		{403FF601-BEA9-4255-AF89-3DBF97E22CF9}.Debug|x86.Build.0 = Debug|Any CPU
		{403FF601-BEA9-4255-AF89-3DBF97E22CF9}.Release|Any CPU.ActiveCfg = Release|Any CPU
		{403FF601-BEA9-4255-AF89-3DBF97E22CF9}.Release|Any CPU.Build.0 = Release|Any CPU
		{403FF601-BEA9-4255-AF89-3DBF97E22CF9}.Release|x64.ActiveCfg = Release|Any CPU
		{403FF601-BEA9-4255-AF89-3DBF97E22CF9}.Release|x64.Build.0 = Release|Any CPU
		{403FF601-BEA9-4255-AF89-3DBF97E22CF9}.Release|x86.ActiveCfg = Release|Any CPU
		{403FF601-BEA9-4255-AF89-3DBF97E22CF9}.Release|x86.Build.0 = Release|Any CPU
		{04EE0533-6D3A-4EB5-97B2-78380B0100A5}.Debug|Any CPU.ActiveCfg = Debug|Any CPU
		{04EE0533-6D3A-4EB5-97B2-78380B0100A5}.Debug|Any CPU.Build.0 = Debug|Any CPU
		{04EE0533-6D3A-4EB5-97B2-78380B0100A5}.Debug|x64.ActiveCfg = Debug|Any CPU
		{04EE0533-6D3A-4EB5-97B2-78380B0100A5}.Debug|x64.Build.0 = Debug|Any CPU
		{04EE0533-6D3A-4EB5-97B2-78380B0100A5}.Debug|x86.ActiveCfg = Debug|Any CPU
		{04EE0533-6D3A-4EB5-97B2-78380B0100A5}.Debug|x86.Build.0 = Debug|Any CPU
		{04EE0533-6D3A-4EB5-97B2-78380B0100A5}.Release|Any CPU.ActiveCfg = Release|Any CPU
		{04EE0533-6D3A-4EB5-97B2-78380B0100A5}.Release|Any CPU.Build.0 = Release|Any CPU
		{04EE0533-6D3A-4EB5-97B2-78380B0100A5}.Release|x64.ActiveCfg = Release|Any CPU
		{04EE0533-6D3A-4EB5-97B2-78380B0100A5}.Release|x64.Build.0 = Release|Any CPU
		{04EE0533-6D3A-4EB5-97B2-78380B0100A5}.Release|x86.ActiveCfg = Release|Any CPU
		{04EE0533-6D3A-4EB5-97B2-78380B0100A5}.Release|x86.Build.0 = Release|Any CPU
		{577E8FF7-9BF4-4665-BE77-31B32990774F}.Debug|Any CPU.ActiveCfg = Debug|Any CPU
		{577E8FF7-9BF4-4665-BE77-31B32990774F}.Debug|Any CPU.Build.0 = Debug|Any CPU
		{577E8FF7-9BF4-4665-BE77-31B32990774F}.Debug|x64.ActiveCfg = Debug|Any CPU
		{577E8FF7-9BF4-4665-BE77-31B32990774F}.Debug|x64.Build.0 = Debug|Any CPU
		{577E8FF7-9BF4-4665-BE77-31B32990774F}.Debug|x86.ActiveCfg = Debug|Any CPU
		{577E8FF7-9BF4-4665-BE77-31B32990774F}.Debug|x86.Build.0 = Debug|Any CPU
		{577E8FF7-9BF4-4665-BE77-31B32990774F}.Release|Any CPU.ActiveCfg = Release|Any CPU
		{577E8FF7-9BF4-4665-BE77-31B32990774F}.Release|Any CPU.Build.0 = Release|Any CPU
		{577E8FF7-9BF4-4665-BE77-31B32990774F}.Release|x64.ActiveCfg = Release|Any CPU
		{577E8FF7-9BF4-4665-BE77-31B32990774F}.Release|x64.Build.0 = Release|Any CPU
		{577E8FF7-9BF4-4665-BE77-31B32990774F}.Release|x86.ActiveCfg = Release|Any CPU
		{577E8FF7-9BF4-4665-BE77-31B32990774F}.Release|x86.Build.0 = Release|Any CPU
		{93B9FE83-4DA1-42CC-96C1-5161425C4367}.Debug|Any CPU.ActiveCfg = Debug|Any CPU
		{93B9FE83-4DA1-42CC-96C1-5161425C4367}.Debug|Any CPU.Build.0 = Debug|Any CPU
		{93B9FE83-4DA1-42CC-96C1-5161425C4367}.Debug|x64.ActiveCfg = Debug|Any CPU
		{93B9FE83-4DA1-42CC-96C1-5161425C4367}.Debug|x64.Build.0 = Debug|Any CPU
		{93B9FE83-4DA1-42CC-96C1-5161425C4367}.Debug|x86.ActiveCfg = Debug|Any CPU
		{93B9FE83-4DA1-42CC-96C1-5161425C4367}.Debug|x86.Build.0 = Debug|Any CPU
		{93B9FE83-4DA1-42CC-96C1-5161425C4367}.Release|Any CPU.ActiveCfg = Release|Any CPU
		{93B9FE83-4DA1-42CC-96C1-5161425C4367}.Release|Any CPU.Build.0 = Release|Any CPU
		{93B9FE83-4DA1-42CC-96C1-5161425C4367}.Release|x64.ActiveCfg = Release|Any CPU
		{93B9FE83-4DA1-42CC-96C1-5161425C4367}.Release|x64.Build.0 = Release|Any CPU
		{93B9FE83-4DA1-42CC-96C1-5161425C4367}.Release|x86.ActiveCfg = Release|Any CPU
		{93B9FE83-4DA1-42CC-96C1-5161425C4367}.Release|x86.Build.0 = Release|Any CPU
	EndGlobalSection
	GlobalSection(SolutionProperties) = preSolution
		HideSolutionNode = FALSE
	EndGlobalSection
	GlobalSection(NestedProjects) = preSolution
		{64F78A2C-D76F-4972-8EE8-FCEBA1797A5C} = {827E0CD3-B72D-47B6-A68D-7590B98EB39B}
		{1B1202EB-E3A2-4309-9510-D6912F0B2177} = {827E0CD3-B72D-47B6-A68D-7590B98EB39B}
		{9924762D-18A7-4D97-B11A-839F94BBC062} = {827E0CD3-B72D-47B6-A68D-7590B98EB39B}
		{996F3515-6269-4EBB-9F8D-57CDF9AF1A1A} = {827E0CD3-B72D-47B6-A68D-7590B98EB39B}
		{D3481B74-479D-42D1-BB71-359CF60B3C51} = {827E0CD3-B72D-47B6-A68D-7590B98EB39B}
		{483C8609-2E17-49DB-BA40-7A699B825545} = {827E0CD3-B72D-47B6-A68D-7590B98EB39B}
		{403FF601-BEA9-4255-AF89-3DBF97E22CF9} = {827E0CD3-B72D-47B6-A68D-7590B98EB39B}
		{04EE0533-6D3A-4EB5-97B2-78380B0100A5} = {827E0CD3-B72D-47B6-A68D-7590B98EB39B}
		{577E8FF7-9BF4-4665-BE77-31B32990774F} = {827E0CD3-B72D-47B6-A68D-7590B98EB39B}
		{93B9FE83-4DA1-42CC-96C1-5161425C4367} = {0AB3BF05-4346-4AA6-1389-037BE0695223}
	EndGlobalSection
EndGlobal
